
Microsoft Visual Studio Solution File, Format Version 12.00
# Visual Studio Version 17
VisualStudioVersion = 17.11.35312.102
MinimumVisualStudioVersion = 10.0.40219.1
Project("{FAE04EC0-301F-11D3-BF4B-00C04F79EFBC}") = "Lab01", "Lab01\Lab01.csproj", "{6176C582-5F9B-4679-9299-5AEBB81EC3C1}"
EndProject
Global
	GlobalSection(SolutionConfigurationPlatforms) = preSolution
		Debug|Any CPU = Debug|Any CPU
		Release|Any CPU = Release|Any CPU
	EndGlobalSection
	GlobalSection(ProjectConfigurationPlatforms) = postSolution
		{6176C582-5F9B-4679-9299-5AEBB81EC3C1}.Debug|Any CPU.ActiveCfg = Debug|Any CPU
		{6176C582-5F9B-4679-9299-5AEBB81EC3C1}.Debug|Any CPU.Build.0 = Debug|Any CPU
		{6176C582-5F9B-4679-9299-5AEBB81EC3C1}.Release|Any CPU.ActiveCfg = Release|Any CPU
		{6176C582-5F9B-4679-9299-5AEBB81EC3C1}.Release|Any CPU.Build.0 = Release|Any CPU
	EndGlobalSection
	GlobalSection(SolutionProperties) = preSolution
		HideSolutionNode = FALSE
	EndGlobalSection
	GlobalSection(ExtensibilityGlobals) = postSolution
		SolutionGuid = {FB49D5CB-9C89-4C26-8231-CF812252FEB9}
	EndGlobalSection
EndGlobal
